
Microsoft Visual Studio Solution File, Format Version 12.00
# Visual Studio Version 17
VisualStudioVersion = 17.2.32602.215
MinimumVisualStudioVersion = 10.0.40219.1
Project("{FAE04EC0-301F-11D3-BF4B-00C04F79EFBC}") = "книги", "книги\книги.csproj", "{26BFF38F-C65F-4B17-A9E6-E67B38C0A940}"
EndProject
Global
	GlobalSection(SolutionConfigurationPlatforms) = preSolution
		Debug|Any CPU = Debug|Any CPU
		Release|Any CPU = Release|Any CPU
	EndGlobalSection
	GlobalSection(ProjectConfigurationPlatforms) = postSolution
		{26BFF38F-C65F-4B17-A9E6-E67B38C0A940}.Debug|Any CPU.ActiveCfg = Debug|Any CPU
		{26BFF38F-C65F-4B17-A9E6-E67B38C0A940}.Debug|Any CPU.Build.0 = Debug|Any CPU
		{26BFF38F-C65F-4B17-A9E6-E67B38C0A940}.Release|Any CPU.ActiveCfg = Release|Any CPU
		{26BFF38F-C65F-4B17-A9E6-E67B38C0A940}.Release|Any CPU.Build.0 = Release|Any CPU
	EndGlobalSection
	GlobalSection(SolutionProperties) = preSolution
		HideSolutionNode = FALSE
	EndGlobalSection
	GlobalSection(ExtensibilityGlobals) = postSolution
		SolutionGuid = {55D76DA2-918C-49F2-867D-659E4ED6F38D}
	EndGlobalSection
EndGlobal
